
Microsoft Visual Studio Solution File, Format Version 12.00
# Visual Studio Version 16
VisualStudioVersion = 16.0.33927.289
MinimumVisualStudioVersion = 10.0.40219.1
Project("{2150E333-8FDC-42A3-9474-1A3956D46DE8}") = "Task0", "Task0", "{3F25E95C-31E7-4AD5-AF00-FBC9CDD7F804}"
EndProject
Project("{FAE04EC0-301F-11D3-BF4B-00C04F79EFBC}") = "Tyuiu.KarpovAA.Sprint0.Task0.V0", "Tyuiu.KarpovAA.Sprint0.Task0.V0\Tyuiu.KarpovAA.Sprint0.Task0.V0.csproj", "{B8076FF5-8E54-4A3A-993F-505F06832713}"
EndProject
Project("{2150E333-8FDC-42A3-9474-1A3956D46DE8}") = "Task1", "Task1", "{798F65E8-8FF8-4C35-BA5E-BB64B290C38F}"
EndProject
Project("{FAE04EC0-301F-11D3-BF4B-00C04F79EFBC}") = "Tyuiu.KarpovAA.Sprint0.Task1.V0", "Tyuiu.KarpovAA.Sprint0.Task1.V0\Tyuiu.KarpovAA.Sprint0.Task1.V0.csproj", "{BD8D5800-AC6D-431E-9A88-BF3A6352BB0F}"
EndProject
Project("{2150E333-8FDC-42A3-9474-1A3956D46DE8}") = "Task2", "Task2", "{5E620466-F411-4142-9161-DB466168FCCC}"
EndProject
Project("{FAE04EC0-301F-11D3-BF4B-00C04F79EFBC}") = "Tyuiu.KarpovAA.Sprint0.Task2.V0", "Tyuiu.KarpovAA.Sprint0.Task2.V0\Tyuiu.KarpovAA.Sprint0.Task2.V0.csproj", "{78FAFB38-57EC-4F78-9267-3B4C1F85C1A1}"
EndProject
Project("{FAE04EC0-301F-11D3-BF4B-00C04F79EFBC}") = "Tyuiu.KarpovAA.Sprint0.Task2.V0.Lib", "Tyuiu.KarpovAA.Sprint0.Task2.V0.Lib\Tyuiu.KarpovAA.Sprint0.Task2.V0.Lib.csproj", "{4935A210-4CFB-4A08-BE9D-ECABD5FA6233}"
EndProject
Project("{FAE04EC0-301F-11D3-BF4B-00C04F79EFBC}") = "Tyuiu.KarpovAA.Sprint0.Task2.V0.Test", "Tyuiu.KarpovAA.Sprint0.Task2.V0.Test\Tyuiu.KarpovAA.Sprint0.Task2.V0.Test.csproj", "{111F6C2D-B305-40B5-8D68-A566DB40876A}"
EndProject
Project("{2150E333-8FDC-42A3-9474-1A3956D46DE8}") = "Task3", "Task3", "{07AED342-388F-448C-B163-0F8497C3E8E6}"
EndProject
Project("{FAE04EC0-301F-11D3-BF4B-00C04F79EFBC}") = "Tyuiu.KarpovAA.Sprint0.Task3.V0.Lib", "Tyuiu.KarpovAA.Sprint0.Task3.V0.Lib\Tyuiu.KarpovAA.Sprint0.Task3.V0.Lib.csproj", "{01EB0CCF-4D37-4C8E-B747-7C8CBABB7F72}"
EndProject
Project("{FAE04EC0-301F-11D3-BF4B-00C04F79EFBC}") = "Tyuiu.KarpovAA.Sprint0.Task3.V0.Test", "Tyuiu.KarpovAA.Sprint0.Task3.V0.Test\Tyuiu.KarpovAA.Sprint0.Task3.V0.Test.csproj", "{A1F80CF9-987D-4042-A809-7D1B84484917}"
EndProject
Project("{FAE04EC0-301F-11D3-BF4B-00C04F79EFBC}") = "Tyuiu.KarpovAA.Sprint0.Task3.V0", "Tyuiu.KarpovAA.Sprint0.Task3.V0\Tyuiu.KarpovAA.Sprint0.Task3.V0.csproj", "{A5A8F815-1E5A-41F1-AFC7-3236B6A5BAB4}"
EndProject
Global
	GlobalSection(SolutionConfigurationPlatforms) = preSolution
		Debug|Any CPU = Debug|Any CPU
		Release|Any CPU = Release|Any CPU
	EndGlobalSection
	GlobalSection(ProjectConfigurationPlatforms) = postSolution
		{B8076FF5-8E54-4A3A-993F-505F06832713}.Debug|Any CPU.ActiveCfg = Debug|Any CPU
		{B8076FF5-8E54-4A3A-993F-505F06832713}.Debug|Any CPU.Build.0 = Debug|Any CPU
		{B8076FF5-8E54-4A3A-993F-505F06832713}.Release|Any CPU.ActiveCfg = Release|Any CPU
		{B8076FF5-8E54-4A3A-993F-505F06832713}.Release|Any CPU.Build.0 = Release|Any CPU
		{BD8D5800-AC6D-431E-9A88-BF3A6352BB0F}.Debug|Any CPU.ActiveCfg = Debug|Any CPU
		{BD8D5800-AC6D-431E-9A88-BF3A6352BB0F}.Debug|Any CPU.Build.0 = Debug|Any CPU
		{BD8D5800-AC6D-431E-9A88-BF3A6352BB0F}.Release|Any CPU.ActiveCfg = Release|Any CPU
		{BD8D5800-AC6D-431E-9A88-BF3A6352BB0F}.Release|Any CPU.Build.0 = Release|Any CPU
		{78FAFB38-57EC-4F78-9267-3B4C1F85C1A1}.Debug|Any CPU.ActiveCfg = Debug|Any CPU
		{78FAFB38-57EC-4F78-9267-3B4C1F85C1A1}.Debug|Any CPU.Build.0 = Debug|Any CPU
		{78FAFB38-57EC-4F78-9267-3B4C1F85C1A1}.Release|Any CPU.ActiveCfg = Release|Any CPU
		{78FAFB38-57EC-4F78-9267-3B4C1F85C1A1}.Release|Any CPU.Build.0 = Release|Any CPU
		{4935A210-4CFB-4A08-BE9D-ECABD5FA6233}.Debug|Any CPU.ActiveCfg = Debug|Any CPU
		{4935A210-4CFB-4A08-BE9D-ECABD5FA6233}.Debug|Any CPU.Build.0 = Debug|Any CPU
		{4935A210-4CFB-4A08-BE9D-ECABD5FA6233}.Release|Any CPU.ActiveCfg = Release|Any CPU
		{4935A210-4CFB-4A08-BE9D-ECABD5FA6233}.Release|Any CPU.Build.0 = Release|Any CPU
		{111F6C2D-B305-40B5-8D68-A566DB40876A}.Debug|Any CPU.ActiveCfg = Debug|Any CPU
		{111F6C2D-B305-40B5-8D68-A566DB40876A}.Debug|Any CPU.Build.0 = Debug|Any CPU
		{111F6C2D-B305-40B5-8D68-A566DB40876A}.Release|Any CPU.ActiveCfg = Release|Any CPU
		{111F6C2D-B305-40B5-8D68-A566DB40876A}.Release|Any CPU.Build.0 = Release|Any CPU
		{01EB0CCF-4D37-4C8E-B747-7C8CBABB7F72}.Debug|Any CPU.ActiveCfg = Debug|Any CPU
		{01EB0CCF-4D37-4C8E-B747-7C8CBABB7F72}.Debug|Any CPU.Build.0 = Debug|Any CPU
		{01EB0CCF-4D37-4C8E-B747-7C8CBABB7F72}.Release|Any CPU.ActiveCfg = Release|Any CPU
		{01EB0CCF-4D37-4C8E-B747-7C8CBABB7F72}.Release|Any CPU.Build.0 = Release|Any CPU
		{A1F80CF9-987D-4042-A809-7D1B84484917}.Debug|Any CPU.ActiveCfg = Debug|Any CPU
		{A1F80CF9-987D-4042-A809-7D1B84484917}.Debug|Any CPU.Build.0 = Debug|Any CPU
		{A1F80CF9-987D-4042-A809-7D1B84484917}.Release|Any CPU.ActiveCfg = Release|Any CPU
		{A1F80CF9-987D-4042-A809-7D1B84484917}.Release|Any CPU.Build.0 = Release|Any CPU
		{A5A8F815-1E5A-41F1-AFC7-3236B6A5BAB4}.Debug|Any CPU.ActiveCfg = Debug|Any CPU
		{A5A8F815-1E5A-41F1-AFC7-3236B6A5BAB4}.Debug|Any CPU.Build.0 = Debug|Any CPU
		{A5A8F815-1E5A-41F1-AFC7-3236B6A5BAB4}.Release|Any CPU.ActiveCfg = Release|Any CPU
		{A5A8F815-1E5A-41F1-AFC7-3236B6A5BAB4}.Release|Any CPU.Build.0 = Release|Any CPU
	EndGlobalSection
	GlobalSection(SolutionProperties) = preSolution
		HideSolutionNode = FALSE
	EndGlobalSection
	GlobalSection(NestedProjects) = preSolution
		{B8076FF5-8E54-4A3A-993F-505F06832713} = {3F25E95C-31E7-4AD5-AF00-FBC9CDD7F804}
		{BD8D5800-AC6D-431E-9A88-BF3A6352BB0F} = {798F65E8-8FF8-4C35-BA5E-BB64B290C38F}
		{78FAFB38-57EC-4F78-9267-3B4C1F85C1A1} = {5E620466-F411-4142-9161-DB466168FCCC}
		{4935A210-4CFB-4A08-BE9D-ECABD5FA6233} = {5E620466-F411-4142-9161-DB466168FCCC}
		{111F6C2D-B305-40B5-8D68-A566DB40876A} = {5E620466-F411-4142-9161-DB466168FCCC}
		{01EB0CCF-4D37-4C8E-B747-7C8CBABB7F72} = {07AED342-388F-448C-B163-0F8497C3E8E6}
		{A1F80CF9-987D-4042-A809-7D1B84484917} = {07AED342-388F-448C-B163-0F8497C3E8E6}
		{A5A8F815-1E5A-41F1-AFC7-3236B6A5BAB4} = {07AED342-388F-448C-B163-0F8497C3E8E6}
	EndGlobalSection
	GlobalSection(ExtensibilityGlobals) = postSolution
		SolutionGuid = {7749EA2F-842B-42AC-BEF3-8027FDBBA6BF}
	EndGlobalSection
EndGlobal
