
Microsoft Visual Studio Solution File, Format Version 12.00
# Visual Studio Version 16
VisualStudioVersion = 16.0.33927.289
MinimumVisualStudioVersion = 10.0.40219.1
Project("{2150E333-8FDC-42A3-9474-1A3956D46DE8}") = "Task0", "Task0", "{3F25E95C-31E7-4AD5-AF00-FBC9CDD7F804}"
EndProject
Project("{FAE04EC0-301F-11D3-BF4B-00C04F79EFBC}") = "Tyuiu.KarpovAA.Sprint0.Task0.V0", "Tyuiu.KarpovAA.Sprint0.Task0.V0\Tyuiu.KarpovAA.Sprint0.Task0.V0.csproj", "{B8076FF5-8E54-4A3A-993F-505F06832713}"
EndProject
Global
	GlobalSection(SolutionConfigurationPlatforms) = preSolution
		Debug|Any CPU = Debug|Any CPU
		Release|Any CPU = Release|Any CPU
	EndGlobalSection
	GlobalSection(ProjectConfigurationPlatforms) = postSolution
		{B8076FF5-8E54-4A3A-993F-505F06832713}.Debug|Any CPU.ActiveCfg = Debug|Any CPU
		{B8076FF5-8E54-4A3A-993F-505F06832713}.Debug|Any CPU.Build.0 = Debug|Any CPU
		{B8076FF5-8E54-4A3A-993F-505F06832713}.Release|Any CPU.ActiveCfg = Release|Any CPU
		{B8076FF5-8E54-4A3A-993F-505F06832713}.Release|Any CPU.Build.0 = Release|Any CPU
	EndGlobalSection
	GlobalSection(SolutionProperties) = preSolution
		HideSolutionNode = FALSE
	EndGlobalSection
	GlobalSection(NestedProjects) = preSolution
		{B8076FF5-8E54-4A3A-993F-505F06832713} = {3F25E95C-31E7-4AD5-AF00-FBC9CDD7F804}
	EndGlobalSection
	GlobalSection(ExtensibilityGlobals) = postSolution
		SolutionGuid = {7749EA2F-842B-42AC-BEF3-8027FDBBA6BF}
	EndGlobalSection
EndGlobal
