
Microsoft Visual Studio Solution File, Format Version 12.00
# Visual Studio Version 16
VisualStudioVersion = 16.0.33927.289
MinimumVisualStudioVersion = 10.0.40219.1
Project("{2150E333-8FDC-42A3-9474-1A3956D46DE8}") = "Task0", "Task0", "{3F25E95C-31E7-4AD5-AF00-FBC9CDD7F804}"
EndProject
Project("{FAE04EC0-301F-11D3-BF4B-00C04F79EFBC}") = "Tyuiu.KarpovAA.Sprint0.Task0.V0", "Tyuiu.KarpovAA.Sprint0.Task0.V0\Tyuiu.KarpovAA.Sprint0.Task0.V0.csproj", "{B8076FF5-8E54-4A3A-993F-505F06832713}"
EndProject
Project("{2150E333-8FDC-42A3-9474-1A3956D46DE8}") = "Task1", "Task1", "{798F65E8-8FF8-4C35-BA5E-BB64B290C38F}"
EndProject
Project("{FAE04EC0-301F-11D3-BF4B-00C04F79EFBC}") = "Tyuiu.KarpovAA.Sprint0.Task1.V0", "Tyuiu.KarpovAA.Sprint0.Task1.V0\Tyuiu.KarpovAA.Sprint0.Task1.V0.csproj", "{BD8D5800-AC6D-431E-9A88-BF3A6352BB0F}"
EndProject
Project("{2150E333-8FDC-42A3-9474-1A3956D46DE8}") = "Task2", "Task2", "{5E620466-F411-4142-9161-DB466168FCCC}"
EndProject
Project("{FAE04EC0-301F-11D3-BF4B-00C04F79EFBC}") = "Tyuiu.KarpovAA.Sprint0.Task2.V0", "Tyuiu.KarpovAA.Sprint0.Task2.V0\Tyuiu.KarpovAA.Sprint0.Task2.V0.csproj", "{78FAFB38-57EC-4F78-9267-3B4C1F85C1A1}"
EndProject
Project("{FAE04EC0-301F-11D3-BF4B-00C04F79EFBC}") = "Tyuiu.KarpovAA.Sprint0.Task2.V0.Lib", "Tyuiu.KarpovAA.Sprint0.Task2.V0.Lib\Tyuiu.KarpovAA.Sprint0.Task2.V0.Lib.csproj", "{4935A210-4CFB-4A08-BE9D-ECABD5FA6233}"
EndProject
Project("{FAE04EC0-301F-11D3-BF4B-00C04F79EFBC}") = "Tyuiu.KarpovAA.Sprint0.Task2.V0.Test", "Tyuiu.KarpovAA.Sprint0.Task2.V0.Test\Tyuiu.KarpovAA.Sprint0.Task2.V0.Test.csproj", "{111F6C2D-B305-40B5-8D68-A566DB40876A}"
EndProject
Project("{2150E333-8FDC-42A3-9474-1A3956D46DE8}") = "Task3", "Task3", "{07AED342-388F-448C-B163-0F8497C3E8E6}"
EndProject
Project("{FAE04EC0-301F-11D3-BF4B-00C04F79EFBC}") = "Tyuiu.KarpovAA.Sprint0.Task3.V0.Lib", "Tyuiu.KarpovAA.Sprint0.Task3.V0.Lib\Tyuiu.KarpovAA.Sprint0.Task3.V0.Lib.csproj", "{01EB0CCF-4D37-4C8E-B747-7C8CBABB7F72}"
EndProject
Project("{FAE04EC0-301F-11D3-BF4B-00C04F79EFBC}") = "Tyuiu.KarpovAA.Sprint0.Task3.V0.Test", "Tyuiu.KarpovAA.Sprint0.Task3.V0.Test\Tyuiu.KarpovAA.Sprint0.Task3.V0.Test.csproj", "{A1F80CF9-987D-4042-A809-7D1B84484917}"
EndProject
Project("{FAE04EC0-301F-11D3-BF4B-00C04F79EFBC}") = "Tyuiu.KarpovAA.Sprint0.Task3.V0", "Tyuiu.KarpovAA.Sprint0.Task3.V0\Tyuiu.KarpovAA.Sprint0.Task3.V0.csproj", "{A5A8F815-1E5A-41F1-AFC7-3236B6A5BAB4}"
EndProject
Project("{2150E333-8FDC-42A3-9474-1A3956D46DE8}") = "Task4", "Task4", "{6EB986CE-A7F3-4973-906C-6B242350AD39}"
EndProject
Project("{FAE04EC0-301F-11D3-BF4B-00C04F79EFBC}") = "Tyuiu.KarpovAA.Sprint0.Task4.V0", "Tyuiu.KarpovAA.Sprint0.Task4.V0\Tyuiu.KarpovAA.Sprint0.Task4.V0.csproj", "{6261C848-79EF-49BD-9D7D-F858C8B4C5AA}"
EndProject
Project("{FAE04EC0-301F-11D3-BF4B-00C04F79EFBC}") = "Tyuiu.KarpovAA.Sprint0.Task4.V0.Lib", "Tyuiu.KarpovAA.Sprint0.Task4.V0.Lib\Tyuiu.KarpovAA.Sprint0.Task4.V0.Lib.csproj", "{34BE8B4D-DB5C-417F-81A6-A69B863DCE1B}"
EndProject
Project("{FAE04EC0-301F-11D3-BF4B-00C04F79EFBC}") = "Tyuiu.KarpovAA.Sprint0.Task4.V0.Test", "Tyuiu.KarpovAA.Sprint0.Task4.V0.Test\Tyuiu.KarpovAA.Sprint0.Task4.V0.Test.csproj", "{B6293BED-8E8D-4578-B56C-CF5D2F105192}"
EndProject
Project("{2150E333-8FDC-42A3-9474-1A3956D46DE8}") = "Task5", "Task5", "{E74B9C9B-94F8-4929-97B1-66749781D9F2}"
EndProject
Project("{FAE04EC0-301F-11D3-BF4B-00C04F79EFBC}") = "Tyuiu.KarpovAA.Sprint0.Task5.V0", "Tyuiu.KarpovAA.Sprint0.Task5.V0\Tyuiu.KarpovAA.Sprint0.Task5.V0.csproj", "{7065FCAE-3A15-4B40-A7C5-5F613A856D2B}"
EndProject
Project("{FAE04EC0-301F-11D3-BF4B-00C04F79EFBC}") = "Tyuiu.KarpovAA.Sprint0.Task5.V0.Lib", "Tyuiu.KarpovAA.Sprint0.Task5.V0.Lib\Tyuiu.KarpovAA.Sprint0.Task5.V0.Lib.csproj", "{87FA6952-1CD5-4BF5-AE48-0859397E765A}"
EndProject
Project("{FAE04EC0-301F-11D3-BF4B-00C04F79EFBC}") = "Tyuiu.KarpovAA.Sprint0.Task5.V0.Test", "Tyuiu.KarpovAA.Sprint0.Task5.V0.Test\Tyuiu.KarpovAA.Sprint0.Task5.V0.Test.csproj", "{5174CD69-AF9B-4DC0-9D82-B8E84AF3F655}"
EndProject
Project("{2150E333-8FDC-42A3-9474-1A3956D46DE8}") = "Task6", "Task6", "{213345A3-523C-4A8F-848E-908519C600AC}"
EndProject
Project("{FAE04EC0-301F-11D3-BF4B-00C04F79EFBC}") = "Tyuiu.KarpovAA.Sprint0.Task6.V0", "Tyuiu.KarpovAA.Sprint0.Task6.V0\Tyuiu.KarpovAA.Sprint0.Task6.V0.csproj", "{824A9139-E1B6-4B08-BDE1-EEE0EBD1E9BB}"
EndProject
Project("{FAE04EC0-301F-11D3-BF4B-00C04F79EFBC}") = "Tyuiu.KarpovAA.Sprint0.Task6.V0.Lib", "Tyuiu.KarpovAA.Sprint0.Task6.V0.Lib\Tyuiu.KarpovAA.Sprint0.Task6.V0.Lib.csproj", "{0D2488F2-B421-4439-BA07-7963A4EDA577}"
EndProject
Project("{FAE04EC0-301F-11D3-BF4B-00C04F79EFBC}") = "Tyuiu.KarpovAA.Sprint0.Task6.V0.Test", "Tyuiu.KarpovAA.Sprint0.Task6.V0.Test\Tyuiu.KarpovAA.Sprint0.Task6.V0.Test.csproj", "{3B529E89-7D08-43FE-A8FE-DEF59008FE8B}"
EndProject
Project("{2150E333-8FDC-42A3-9474-1A3956D46DE8}") = "Task7", "Task7", "{743FBACF-B987-4098-B30B-E51C9FE41241}"
EndProject
Project("{FAE04EC0-301F-11D3-BF4B-00C04F79EFBC}") = "Tyuiu.KarpovAA.Sprint0.Task7.V0", "Tyuiu.KarpovAA.Sprint0.Task7.V0\Tyuiu.KarpovAA.Sprint0.Task7.V0.csproj", "{6DC3D596-2902-4ADF-A0C0-17114404F38B}"
EndProject
Project("{FAE04EC0-301F-11D3-BF4B-00C04F79EFBC}") = "Tyuiu.KarpovAA.Sprint0.Task7.V0.Lib", "Tyuiu.KarpovAA.Sprint0.Task7.V0.Lib\Tyuiu.KarpovAA.Sprint0.Task7.V0.Lib.csproj", "{A388A54A-AAB8-4C64-9C6F-69A86BEC9A17}"
EndProject
Project("{FAE04EC0-301F-11D3-BF4B-00C04F79EFBC}") = "Tyuiu.KarpovAA.Sprint0.Task7.V0.Test", "Tyuiu.KarpovAA.Sprint0.Task7.V0.Test\Tyuiu.KarpovAA.Sprint0.Task7.V0.Test.csproj", "{13B4F94F-AB5F-4C4A-BEA9-4C82A45A5B71}"
EndProject
Global
	GlobalSection(SolutionConfigurationPlatforms) = preSolution
		Debug|Any CPU = Debug|Any CPU
		Release|Any CPU = Release|Any CPU
	EndGlobalSection
	GlobalSection(ProjectConfigurationPlatforms) = postSolution
		{B8076FF5-8E54-4A3A-993F-505F06832713}.Debug|Any CPU.ActiveCfg = Debug|Any CPU
		{B8076FF5-8E54-4A3A-993F-505F06832713}.Debug|Any CPU.Build.0 = Debug|Any CPU
		{B8076FF5-8E54-4A3A-993F-505F06832713}.Release|Any CPU.ActiveCfg = Release|Any CPU
		{B8076FF5-8E54-4A3A-993F-505F06832713}.Release|Any CPU.Build.0 = Release|Any CPU
		{BD8D5800-AC6D-431E-9A88-BF3A6352BB0F}.Debug|Any CPU.ActiveCfg = Debug|Any CPU
		{BD8D5800-AC6D-431E-9A88-BF3A6352BB0F}.Debug|Any CPU.Build.0 = Debug|Any CPU
		{BD8D5800-AC6D-431E-9A88-BF3A6352BB0F}.Release|Any CPU.ActiveCfg = Release|Any CPU
		{BD8D5800-AC6D-431E-9A88-BF3A6352BB0F}.Release|Any CPU.Build.0 = Release|Any CPU
		{78FAFB38-57EC-4F78-9267-3B4C1F85C1A1}.Debug|Any CPU.ActiveCfg = Debug|Any CPU
		{78FAFB38-57EC-4F78-9267-3B4C1F85C1A1}.Debug|Any CPU.Build.0 = Debug|Any CPU
		{78FAFB38-57EC-4F78-9267-3B4C1F85C1A1}.Release|Any CPU.ActiveCfg = Release|Any CPU
		{78FAFB38-57EC-4F78-9267-3B4C1F85C1A1}.Release|Any CPU.Build.0 = Release|Any CPU
		{4935A210-4CFB-4A08-BE9D-ECABD5FA6233}.Debug|Any CPU.ActiveCfg = Debug|Any CPU
		{4935A210-4CFB-4A08-BE9D-ECABD5FA6233}.Debug|Any CPU.Build.0 = Debug|Any CPU
		{4935A210-4CFB-4A08-BE9D-ECABD5FA6233}.Release|Any CPU.ActiveCfg = Release|Any CPU
		{4935A210-4CFB-4A08-BE9D-ECABD5FA6233}.Release|Any CPU.Build.0 = Release|Any CPU
		{111F6C2D-B305-40B5-8D68-A566DB40876A}.Debug|Any CPU.ActiveCfg = Debug|Any CPU
		{111F6C2D-B305-40B5-8D68-A566DB40876A}.Debug|Any CPU.Build.0 = Debug|Any CPU
		{111F6C2D-B305-40B5-8D68-A566DB40876A}.Release|Any CPU.ActiveCfg = Release|Any CPU
		{111F6C2D-B305-40B5-8D68-A566DB40876A}.Release|Any CPU.Build.0 = Release|Any CPU
		{01EB0CCF-4D37-4C8E-B747-7C8CBABB7F72}.Debug|Any CPU.ActiveCfg = Debug|Any CPU
		{01EB0CCF-4D37-4C8E-B747-7C8CBABB7F72}.Debug|Any CPU.Build.0 = Debug|Any CPU
		{01EB0CCF-4D37-4C8E-B747-7C8CBABB7F72}.Release|Any CPU.ActiveCfg = Release|Any CPU
		{01EB0CCF-4D37-4C8E-B747-7C8CBABB7F72}.Release|Any CPU.Build.0 = Release|Any CPU
		{A1F80CF9-987D-4042-A809-7D1B84484917}.Debug|Any CPU.ActiveCfg = Debug|Any CPU
		{A1F80CF9-987D-4042-A809-7D1B84484917}.Debug|Any CPU.Build.0 = Debug|Any CPU
		{A1F80CF9-987D-4042-A809-7D1B84484917}.Release|Any CPU.ActiveCfg = Release|Any CPU
		{A1F80CF9-987D-4042-A809-7D1B84484917}.Release|Any CPU.Build.0 = Release|Any CPU
		{A5A8F815-1E5A-41F1-AFC7-3236B6A5BAB4}.Debug|Any CPU.ActiveCfg = Debug|Any CPU
		{A5A8F815-1E5A-41F1-AFC7-3236B6A5BAB4}.Debug|Any CPU.Build.0 = Debug|Any CPU
		{A5A8F815-1E5A-41F1-AFC7-3236B6A5BAB4}.Release|Any CPU.ActiveCfg = Release|Any CPU
		{A5A8F815-1E5A-41F1-AFC7-3236B6A5BAB4}.Release|Any CPU.Build.0 = Release|Any CPU
		{6261C848-79EF-49BD-9D7D-F858C8B4C5AA}.Debug|Any CPU.ActiveCfg = Debug|Any CPU
		{6261C848-79EF-49BD-9D7D-F858C8B4C5AA}.Debug|Any CPU.Build.0 = Debug|Any CPU
		{6261C848-79EF-49BD-9D7D-F858C8B4C5AA}.Release|Any CPU.ActiveCfg = Release|Any CPU
		{6261C848-79EF-49BD-9D7D-F858C8B4C5AA}.Release|Any CPU.Build.0 = Release|Any CPU
		{34BE8B4D-DB5C-417F-81A6-A69B863DCE1B}.Debug|Any CPU.ActiveCfg = Debug|Any CPU
		{34BE8B4D-DB5C-417F-81A6-A69B863DCE1B}.Debug|Any CPU.Build.0 = Debug|Any CPU
		{34BE8B4D-DB5C-417F-81A6-A69B863DCE1B}.Release|Any CPU.ActiveCfg = Release|Any CPU
		{34BE8B4D-DB5C-417F-81A6-A69B863DCE1B}.Release|Any CPU.Build.0 = Release|Any CPU
		{B6293BED-8E8D-4578-B56C-CF5D2F105192}.Debug|Any CPU.ActiveCfg = Debug|Any CPU
		{B6293BED-8E8D-4578-B56C-CF5D2F105192}.Debug|Any CPU.Build.0 = Debug|Any CPU
		{B6293BED-8E8D-4578-B56C-CF5D2F105192}.Release|Any CPU.ActiveCfg = Release|Any CPU
		{B6293BED-8E8D-4578-B56C-CF5D2F105192}.Release|Any CPU.Build.0 = Release|Any CPU
		{7065FCAE-3A15-4B40-A7C5-5F613A856D2B}.Debug|Any CPU.ActiveCfg = Debug|Any CPU
		{7065FCAE-3A15-4B40-A7C5-5F613A856D2B}.Debug|Any CPU.Build.0 = Debug|Any CPU
		{7065FCAE-3A15-4B40-A7C5-5F613A856D2B}.Release|Any CPU.ActiveCfg = Release|Any CPU
		{7065FCAE-3A15-4B40-A7C5-5F613A856D2B}.Release|Any CPU.Build.0 = Release|Any CPU
		{87FA6952-1CD5-4BF5-AE48-0859397E765A}.Debug|Any CPU.ActiveCfg = Debug|Any CPU
		{87FA6952-1CD5-4BF5-AE48-0859397E765A}.Debug|Any CPU.Build.0 = Debug|Any CPU
		{87FA6952-1CD5-4BF5-AE48-0859397E765A}.Release|Any CPU.ActiveCfg = Release|Any CPU
		{87FA6952-1CD5-4BF5-AE48-0859397E765A}.Release|Any CPU.Build.0 = Release|Any CPU
		{5174CD69-AF9B-4DC0-9D82-B8E84AF3F655}.Debug|Any CPU.ActiveCfg = Debug|Any CPU
		{5174CD69-AF9B-4DC0-9D82-B8E84AF3F655}.Debug|Any CPU.Build.0 = Debug|Any CPU
		{5174CD69-AF9B-4DC0-9D82-B8E84AF3F655}.Release|Any CPU.ActiveCfg = Release|Any CPU
		{5174CD69-AF9B-4DC0-9D82-B8E84AF3F655}.Release|Any CPU.Build.0 = Release|Any CPU
		{824A9139-E1B6-4B08-BDE1-EEE0EBD1E9BB}.Debug|Any CPU.ActiveCfg = Debug|Any CPU
		{824A9139-E1B6-4B08-BDE1-EEE0EBD1E9BB}.Debug|Any CPU.Build.0 = Debug|Any CPU
		{824A9139-E1B6-4B08-BDE1-EEE0EBD1E9BB}.Release|Any CPU.ActiveCfg = Release|Any CPU
		{824A9139-E1B6-4B08-BDE1-EEE0EBD1E9BB}.Release|Any CPU.Build.0 = Release|Any CPU
		{0D2488F2-B421-4439-BA07-7963A4EDA577}.Debug|Any CPU.ActiveCfg = Debug|Any CPU
		{0D2488F2-B421-4439-BA07-7963A4EDA577}.Debug|Any CPU.Build.0 = Debug|Any CPU
		{0D2488F2-B421-4439-BA07-7963A4EDA577}.Release|Any CPU.ActiveCfg = Release|Any CPU
		{0D2488F2-B421-4439-BA07-7963A4EDA577}.Release|Any CPU.Build.0 = Release|Any CPU
		{3B529E89-7D08-43FE-A8FE-DEF59008FE8B}.Debug|Any CPU.ActiveCfg = Debug|Any CPU
		{3B529E89-7D08-43FE-A8FE-DEF59008FE8B}.Debug|Any CPU.Build.0 = Debug|Any CPU
		{3B529E89-7D08-43FE-A8FE-DEF59008FE8B}.Release|Any CPU.ActiveCfg = Release|Any CPU
		{3B529E89-7D08-43FE-A8FE-DEF59008FE8B}.Release|Any CPU.Build.0 = Release|Any CPU
		{6DC3D596-2902-4ADF-A0C0-17114404F38B}.Debug|Any CPU.ActiveCfg = Debug|Any CPU
		{6DC3D596-2902-4ADF-A0C0-17114404F38B}.Debug|Any CPU.Build.0 = Debug|Any CPU
		{6DC3D596-2902-4ADF-A0C0-17114404F38B}.Release|Any CPU.ActiveCfg = Release|Any CPU
		{6DC3D596-2902-4ADF-A0C0-17114404F38B}.Release|Any CPU.Build.0 = Release|Any CPU
		{A388A54A-AAB8-4C64-9C6F-69A86BEC9A17}.Debug|Any CPU.ActiveCfg = Debug|Any CPU
		{A388A54A-AAB8-4C64-9C6F-69A86BEC9A17}.Debug|Any CPU.Build.0 = Debug|Any CPU
		{A388A54A-AAB8-4C64-9C6F-69A86BEC9A17}.Release|Any CPU.ActiveCfg = Release|Any CPU
		{A388A54A-AAB8-4C64-9C6F-69A86BEC9A17}.Release|Any CPU.Build.0 = Release|Any CPU
		{13B4F94F-AB5F-4C4A-BEA9-4C82A45A5B71}.Debug|Any CPU.ActiveCfg = Debug|Any CPU
		{13B4F94F-AB5F-4C4A-BEA9-4C82A45A5B71}.Debug|Any CPU.Build.0 = Debug|Any CPU
		{13B4F94F-AB5F-4C4A-BEA9-4C82A45A5B71}.Release|Any CPU.ActiveCfg = Release|Any CPU
		{13B4F94F-AB5F-4C4A-BEA9-4C82A45A5B71}.Release|Any CPU.Build.0 = Release|Any CPU
	EndGlobalSection
	GlobalSection(SolutionProperties) = preSolution
		HideSolutionNode = FALSE
	EndGlobalSection
	GlobalSection(NestedProjects) = preSolution
		{B8076FF5-8E54-4A3A-993F-505F06832713} = {3F25E95C-31E7-4AD5-AF00-FBC9CDD7F804}
		{BD8D5800-AC6D-431E-9A88-BF3A6352BB0F} = {798F65E8-8FF8-4C35-BA5E-BB64B290C38F}
		{78FAFB38-57EC-4F78-9267-3B4C1F85C1A1} = {5E620466-F411-4142-9161-DB466168FCCC}
		{4935A210-4CFB-4A08-BE9D-ECABD5FA6233} = {5E620466-F411-4142-9161-DB466168FCCC}
		{111F6C2D-B305-40B5-8D68-A566DB40876A} = {5E620466-F411-4142-9161-DB466168FCCC}
		{01EB0CCF-4D37-4C8E-B747-7C8CBABB7F72} = {07AED342-388F-448C-B163-0F8497C3E8E6}
		{A1F80CF9-987D-4042-A809-7D1B84484917} = {07AED342-388F-448C-B163-0F8497C3E8E6}
		{A5A8F815-1E5A-41F1-AFC7-3236B6A5BAB4} = {07AED342-388F-448C-B163-0F8497C3E8E6}
		{6261C848-79EF-49BD-9D7D-F858C8B4C5AA} = {6EB986CE-A7F3-4973-906C-6B242350AD39}
		{34BE8B4D-DB5C-417F-81A6-A69B863DCE1B} = {6EB986CE-A7F3-4973-906C-6B242350AD39}
		{B6293BED-8E8D-4578-B56C-CF5D2F105192} = {6EB986CE-A7F3-4973-906C-6B242350AD39}
		{7065FCAE-3A15-4B40-A7C5-5F613A856D2B} = {E74B9C9B-94F8-4929-97B1-66749781D9F2}
		{87FA6952-1CD5-4BF5-AE48-0859397E765A} = {E74B9C9B-94F8-4929-97B1-66749781D9F2}
		{5174CD69-AF9B-4DC0-9D82-B8E84AF3F655} = {E74B9C9B-94F8-4929-97B1-66749781D9F2}
		{824A9139-E1B6-4B08-BDE1-EEE0EBD1E9BB} = {213345A3-523C-4A8F-848E-908519C600AC}
		{0D2488F2-B421-4439-BA07-7963A4EDA577} = {213345A3-523C-4A8F-848E-908519C600AC}
		{3B529E89-7D08-43FE-A8FE-DEF59008FE8B} = {213345A3-523C-4A8F-848E-908519C600AC}
		{6DC3D596-2902-4ADF-A0C0-17114404F38B} = {743FBACF-B987-4098-B30B-E51C9FE41241}
		{A388A54A-AAB8-4C64-9C6F-69A86BEC9A17} = {743FBACF-B987-4098-B30B-E51C9FE41241}
		{13B4F94F-AB5F-4C4A-BEA9-4C82A45A5B71} = {743FBACF-B987-4098-B30B-E51C9FE41241}
	EndGlobalSection
	GlobalSection(ExtensibilityGlobals) = postSolution
		SolutionGuid = {7749EA2F-842B-42AC-BEF3-8027FDBBA6BF}
	EndGlobalSection
EndGlobal
